Microsoft Visual Studio Solution File, Format Version 12.00
# Visual Studio Version 17
VisualStudioVersion = 17.5.2.0
MinimumVisualStudioVersion = 10.0.40219.1
Project("{FAE04EC0-301F-11D3-BF4B-00C04F79EFBC}") = "ReferralTracker", "ReferralTracker.csproj", "{079CD9B8-8A07-EFFC-B8F2-8F43D996A94E}"
EndProject
Global
	GlobalSection(SolutionConfigurationPlatforms) = preSolution
		Debug|Any CPU = Debug|Any CPU
		Release|Any CPU = Release|Any CPU
	EndGlobalSection
	GlobalSection(ProjectConfigurationPlatforms) = postSolution
		{079CD9B8-8A07-EFFC-B8F2-8F43D996A94E}.Debug|Any CPU.ActiveCfg = Debug|Any CPU
		{079CD9B8-8A07-EFFC-B8F2-8F43D996A94E}.Debug|Any CPU.Build.0 = Debug|Any CPU
		{079CD9B8-8A07-EFFC-B8F2-8F43D996A94E}.Release|Any CPU.ActiveCfg = Release|Any CPU
		{079CD9B8-8A07-EFFC-B8F2-8F43D996A94E}.Release|Any CPU.Build.0 = Release|Any CPU
	EndGlobalSection
	GlobalSection(SolutionProperties) = preSolution
		HideSolutionNode = FALSE
	EndGlobalSection
	GlobalSection(ExtensibilityGlobals) = postSolution
		SolutionGuid = {1B48C1A4-DE84-4092-863E-45BC89BA2454}
	EndGlobalSection
EndGlobal
